
Microsoft Visual Studio Solution File, Format Version 12.00
# Visual Studio 15
VisualStudioVersion = 15.0.27428.2037
MinimumVisualStudioVersion = 10.0.40219.1
Project("{9A19103F-16F7-4668-BE54-9A1E7A4F7556}") = "CodinGame", "CodinGame\CodinGame.csproj", "{F25574DA-7049-4A99-8049-391553BF81DA}"
EndProject
Project("{FAE04EC0-301F-11D3-BF4B-00C04F79EFBC}") = "CodinGameTest", "CodinGameTest\CodinGameTest.csproj", "{C5DFBD86-4464-4F07-92A3-CC672A20AF0D}"
EndProject
Global
	GlobalSection(SolutionConfigurationPlatforms) = preSolution
		Debug|Any CPU = Debug|Any CPU
		Release|Any CPU = Release|Any CPU
	EndGlobalSection
	GlobalSection(ProjectConfigurationPlatforms) = postSolution
		{F25574DA-7049-4A99-8049-391553BF81DA}.Debug|Any CPU.ActiveCfg = Debug|Any CPU
		{F25574DA-7049-4A99-8049-391553BF81DA}.Debug|Any CPU.Build.0 = Debug|Any CPU
		{F25574DA-7049-4A99-8049-391553BF81DA}.Release|Any CPU.ActiveCfg = Release|Any CPU
		{F25574DA-7049-4A99-8049-391553BF81DA}.Release|Any CPU.Build.0 = Release|Any CPU
		{C5DFBD86-4464-4F07-92A3-CC672A20AF0D}.Debug|Any CPU.ActiveCfg = Debug|Any CPU
		{C5DFBD86-4464-4F07-92A3-CC672A20AF0D}.Debug|Any CPU.Build.0 = Debug|Any CPU
		{C5DFBD86-4464-4F07-92A3-CC672A20AF0D}.Release|Any CPU.ActiveCfg = Release|Any CPU
		{C5DFBD86-4464-4F07-92A3-CC672A20AF0D}.Release|Any CPU.Build.0 = Release|Any CPU
	EndGlobalSection
	GlobalSection(SolutionProperties) = preSolution
		HideSolutionNode = FALSE
	EndGlobalSection
	GlobalSection(ExtensibilityGlobals) = postSolution
		SolutionGuid = {AF934DD2-3145-45E8-BC5E-817AF4EF1E5D}
	EndGlobalSection
EndGlobal
